{
  "version": "4",
  "specifiers": {
    "npm:import-sync@*": "2.2.2",
    "npm:tree-sitter-sfapex@*": "2.1.0_tree-sitter@0.21.1",
    "npm:tree-sitter@*": "0.21.1"
  },
  "npm": {
    "@httptoolkit/esm@3.3.0": {
      "integrity": "sha512-gS+TH14750cveYP5p2q/oLyjVV5+qRFZMOpsPzK1KrgacqKc6RLDmt3ioGaMjsn1aianQbROkl4QXDJmO5swPA=="
    },
    "import-sync@2.2.2": {
      "integrity": "sha512-MQ+8aB1LZu0dHqTmpkOJ5DLCqQNVNqbMrH/S9nvHChUSMsAlX6R3ydQhX3R5/YfCU6+qU3cbASiX59hJisMKgg==",
      "dependencies": [
        "@httptoolkit/esm"
      ]
    },
    "node-addon-api@7.1.1": {
      "integrity": "sha512-5m3bsyrjFWE1xf7nz7YXdN4udnVtXK6/Yfgn5qnahL6bCkf2yKt4k3nuTKAtT4r3IG8JNR2ncsIMdZuAzJjHQQ=="
    },
    "node-addon-api@8.2.1": {
      "integrity": "sha512-vmEOvxwiH8tlOcv4SyE8RH34rI5/nWVaigUeAUPawC6f0+HoDthwI0vkMu4tbtsZrXq6QXFfrkhjofzKEs5tpA=="
    },
    "node-gyp-build@4.8.2": {
      "integrity": "sha512-IRUxE4BVsHWXkV/SFOut4qTlagw2aM8T5/vnTsmrHJvVoKueJHRc/JaFND7QDDc61kLYUJ6qlZM3sqTSyx2dTw=="
    },
    "tree-sitter-sfapex@2.1.0_tree-sitter@0.21.1": {
      "integrity": "sha512-MYAj4MhTrpOHQib+EOLa4ftVljkEnjl9uRmC06wJzu1SQDeCAV61hZYxdclA6B7wbXMAFRrFrlZACk/WfeHxHw==",
      "dependencies": [
        "node-addon-api@7.1.1",
        "node-gyp-build",
        "tree-sitter"
      ]
    },
    "tree-sitter@0.21.1": {
      "integrity": "sha512-7dxoA6kYvtgWw80265MyqJlkRl4yawIjO7S5MigytjELkX43fV2WsAXzsNfO7sBpPPCF5Gp0+XzHk0DwLCq3xQ==",
      "dependencies": [
        "node-addon-api@8.2.1",
        "node-gyp-build"
      ]
    }
  }
}
